
Microsoft Visual Studio Solution File, Format Version 12.00
# Visual Studio Version 17
VisualStudioVersion = 17.8.34525.116
MinimumVisualStudioVersion = 10.0.40219.1
Project("{FAE04EC0-301F-11D3-BF4B-00C04F79EFBC}") = "DesignPatterns", "DesignPatterns\DesignPatterns.csproj", "{0D2E9CE2-9B47-4575-9F07-BF10902FBE19}"
EndProject
Global
	GlobalSection(SolutionConfigurationPlatforms) = preSolution
		Debug|Any CPU = Debug|Any CPU
		Release|Any CPU = Release|Any CPU
	EndGlobalSection
	GlobalSection(ProjectConfigurationPlatforms) = postSolution
		{0D2E9CE2-9B47-4575-9F07-BF10902FBE19}.Debug|Any CPU.ActiveCfg = Debug|Any CPU
		{0D2E9CE2-9B47-4575-9F07-BF10902FBE19}.Debug|Any CPU.Build.0 = Debug|Any CPU
		{0D2E9CE2-9B47-4575-9F07-BF10902FBE19}.Release|Any CPU.ActiveCfg = Release|Any CPU
		{0D2E9CE2-9B47-4575-9F07-BF10902FBE19}.Release|Any CPU.Build.0 = Release|Any CPU
	EndGlobalSection
	GlobalSection(SolutionProperties) = preSolution
		HideSolutionNode = FALSE
	EndGlobalSection
	GlobalSection(ExtensibilityGlobals) = postSolution
		SolutionGuid = {3D064BA2-FA62-41F0-8F1A-213A40D6EA6B}
	EndGlobalSection
EndGlobal
